
Microsoft Visual Studio Solution File, Format Version 12.00
# Visual Studio Version 17
VisualStudioVersion = 17.3.32929.385
MinimumVisualStudioVersion = 10.0.40219.1
Project("{FAE04EC0-301F-11D3-BF4B-00C04F79EFBC}") = "OnlineTicket", "OnlineTicket\OnlineTicket.csproj", "{214E07A9-B9EA-448A-AC8F-96069027D7ED}"
EndProject
Global
	GlobalSection(SolutionConfigurationPlatforms) = preSolution
		Debug|Any CPU = Debug|Any CPU
		Release|Any CPU = Release|Any CPU
	EndGlobalSection
	GlobalSection(ProjectConfigurationPlatforms) = postSolution
		{214E07A9-B9EA-448A-AC8F-96069027D7ED}.Debug|Any CPU.ActiveCfg = Debug|Any CPU
		{214E07A9-B9EA-448A-AC8F-96069027D7ED}.Debug|Any CPU.Build.0 = Debug|Any CPU
		{214E07A9-B9EA-448A-AC8F-96069027D7ED}.Release|Any CPU.ActiveCfg = Release|Any CPU
		{214E07A9-B9EA-448A-AC8F-96069027D7ED}.Release|Any CPU.Build.0 = Release|Any CPU
	EndGlobalSection
	GlobalSection(SolutionProperties) = preSolution
		HideSolutionNode = FALSE
	EndGlobalSection
	GlobalSection(ExtensibilityGlobals) = postSolution
		SolutionGuid = {04B918C1-F02F-4D26-B78A-011FC67123E9}
	EndGlobalSection
EndGlobal
